
Microsoft Visual Studio Solution File, Format Version 12.00
# Visual Studio 15
VisualStudioVersion = 15.0.27428.2015
MinimumVisualStudioVersion = 10.0.40219.1
Project("{FAE04EC0-301F-11D3-BF4B-00C04F79EFBC}") = "WindowsFormsApp1", "WindowsFormsApp1\WindowsFormsApp1.csproj", "{EF9B3B2B-3865-4043-A6F6-915D36473276}"
EndProject
Global
	GlobalSection(SolutionConfigurationPlatforms) = preSolution
		Debug|Any CPU = Debug|Any CPU
		Release|Any CPU = Release|Any CPU
	EndGlobalSection
	GlobalSection(ProjectConfigurationPlatforms) = postSolution
		{EF9B3B2B-3865-4043-A6F6-915D36473276}.Debug|Any CPU.ActiveCfg = Debug|Any CPU
		{EF9B3B2B-3865-4043-A6F6-915D36473276}.Debug|Any CPU.Build.0 = Debug|Any CPU
		{EF9B3B2B-3865-4043-A6F6-915D36473276}.Release|Any CPU.ActiveCfg = Release|Any CPU
		{EF9B3B2B-3865-4043-A6F6-915D36473276}.Release|Any CPU.Build.0 = Release|Any CPU
	EndGlobalSection
	GlobalSection(SolutionProperties) = preSolution
		HideSolutionNode = FALSE
	EndGlobalSection
	GlobalSection(ExtensibilityGlobals) = postSolution
		SolutionGuid = {1509AE28-78E1-4B07-8C25-FE38D18E5A87}
	EndGlobalSection
EndGlobal
